
Microsoft Visual Studio Solution File, Format Version 9.00
# Visual Studio 2005
Project("{8BC9CEB8-8B4A-11D0-8D11-00A0C91BC942}") = "scissor", "VisComp.vcproj", "{4AFA5DE0-79EA-4099-8C60-32BBD65B4722}"
EndProject
Global
	GlobalSection(SolutionConfigurationPlatforms) = preSolution
		Debug|Win32 = Debug|Win32
		Release|Win32 = Release|Win32
	EndGlobalSection
	GlobalSection(ProjectConfigurationPlatforms) = postSolution
		{4AFA5DE0-79EA-4099-8C60-32BBD65B4722}.Debug|Win32.ActiveCfg = Debug|Win32
		{4AFA5DE0-79EA-4099-8C60-32BBD65B4722}.Debug|Win32.Build.0 = Debug|Win32
		{4AFA5DE0-79EA-4099-8C60-32BBD65B4722}.Release|Win32.ActiveCfg = Release|Win32
		{4AFA5DE0-79EA-4099-8C60-32BBD65B4722}.Release|Win32.Build.0 = Release|Win32
	EndGlobalSection
	GlobalSection(SolutionProperties) = preSolution
		HideSolutionNode = FALSE
	EndGlobalSection
EndGlobal
